
Microsoft Visual Studio Solution File, Format Version 12.00
# Visual Studio 15
VisualStudioVersion = 15.0.27428.2037
MinimumVisualStudioVersion = 10.0.40219.1
Project("{FAE04EC0-301F-11D3-BF4B-00C04F79EFBC}") = "Mod11", "Mod11\Mod11.csproj", "{59BCA668-B5B2-4345-A5C1-BA2D171E3432}"
EndProject
Global
	GlobalSection(SolutionConfigurationPlatforms) = preSolution
		Debug|Any CPU = Debug|Any CPU
		Release|Any CPU = Release|Any CPU
	EndGlobalSection
	GlobalSection(ProjectConfigurationPlatforms) = postSolution
		{59BCA668-B5B2-4345-A5C1-BA2D171E3432}.Debug|Any CPU.ActiveCfg = Debug|Any CPU
		{59BCA668-B5B2-4345-A5C1-BA2D171E3432}.Debug|Any CPU.Build.0 = Debug|Any CPU
		{59BCA668-B5B2-4345-A5C1-BA2D171E3432}.Release|Any CPU.ActiveCfg = Release|Any CPU
		{59BCA668-B5B2-4345-A5C1-BA2D171E3432}.Release|Any CPU.Build.0 = Release|Any CPU
	EndGlobalSection
	GlobalSection(SolutionProperties) = preSolution
		HideSolutionNode = FALSE
	EndGlobalSection
	GlobalSection(ExtensibilityGlobals) = postSolution
		SolutionGuid = {01AE11A6-CC08-4C94-9CAD-FBA512406AC6}
	EndGlobalSection
EndGlobal
